
Microsoft Visual Studio Solution File, Format Version 12.00
Project("{FAE04EC0-301F-11D3-BF4B-00C04F79EFBC}") = "MapsterToolBug.Domain.Core", "src\MapsterToolBug.Domain.Core\MapsterToolBug.Domain.Core.csproj", "{80B8AEAA-C624-43AF-97FD-8CA05026391F}"
EndProject
Project("{FAE04EC0-301F-11D3-BF4B-00C04F79EFBC}") = "HttpApi", "src\HttpApi\HttpApi.csproj", "{CAAC5EA4-05EC-445E-9F09-994140C0B492}"
EndProject
Project("{2150E333-8FDC-42A3-9474-1A3956D46DE8}") = "Domain", "Domain", "{A0189309-AD7F-4E7F-956F-C63CEAD84C2D}"
EndProject
Project("{2150E333-8FDC-42A3-9474-1A3956D46DE8}") = "Services", "Services", "{42559D7F-1FC8-45B5-87EC-1CE9B47BEF92}"
EndProject
Project("{FAE04EC0-301F-11D3-BF4B-00C04F79EFBC}") = "MapsterToolBug.Services", "src\MapsterToolBug.Services\MapsterToolBug.Services.csproj", "{6913F964-8129-49ED-ABDA-6E2DF65DF2FC}"
EndProject
Project("{FAE04EC0-301F-11D3-BF4B-00C04F79EFBC}") = "MapsterToolBug.Services.Contracts", "src\MapsterToolBug.Services.Contracts\MapsterToolBug.Services.Contracts.csproj", "{183AAE8B-92EA-4D5E-BFF8-2ECA71EC51C7}"
EndProject
Global
	GlobalSection(SolutionConfigurationPlatforms) = preSolution
		Debug|Any CPU = Debug|Any CPU
		Release|Any CPU = Release|Any CPU
	EndGlobalSection
	GlobalSection(ProjectConfigurationPlatforms) = postSolution
		{80B8AEAA-C624-43AF-97FD-8CA05026391F}.Debug|Any CPU.ActiveCfg = Debug|Any CPU
		{80B8AEAA-C624-43AF-97FD-8CA05026391F}.Debug|Any CPU.Build.0 = Debug|Any CPU
		{80B8AEAA-C624-43AF-97FD-8CA05026391F}.Release|Any CPU.ActiveCfg = Release|Any CPU
		{80B8AEAA-C624-43AF-97FD-8CA05026391F}.Release|Any CPU.Build.0 = Release|Any CPU
		{CAAC5EA4-05EC-445E-9F09-994140C0B492}.Debug|Any CPU.ActiveCfg = Debug|Any CPU
		{CAAC5EA4-05EC-445E-9F09-994140C0B492}.Debug|Any CPU.Build.0 = Debug|Any CPU
		{CAAC5EA4-05EC-445E-9F09-994140C0B492}.Release|Any CPU.ActiveCfg = Release|Any CPU
		{CAAC5EA4-05EC-445E-9F09-994140C0B492}.Release|Any CPU.Build.0 = Release|Any CPU
		{6913F964-8129-49ED-ABDA-6E2DF65DF2FC}.Debug|Any CPU.ActiveCfg = Debug|Any CPU
		{6913F964-8129-49ED-ABDA-6E2DF65DF2FC}.Debug|Any CPU.Build.0 = Debug|Any CPU
		{6913F964-8129-49ED-ABDA-6E2DF65DF2FC}.Release|Any CPU.ActiveCfg = Release|Any CPU
		{6913F964-8129-49ED-ABDA-6E2DF65DF2FC}.Release|Any CPU.Build.0 = Release|Any CPU
		{183AAE8B-92EA-4D5E-BFF8-2ECA71EC51C7}.Debug|Any CPU.ActiveCfg = Debug|Any CPU
		{183AAE8B-92EA-4D5E-BFF8-2ECA71EC51C7}.Debug|Any CPU.Build.0 = Debug|Any CPU
		{183AAE8B-92EA-4D5E-BFF8-2ECA71EC51C7}.Release|Any CPU.ActiveCfg = Release|Any CPU
		{183AAE8B-92EA-4D5E-BFF8-2ECA71EC51C7}.Release|Any CPU.Build.0 = Release|Any CPU
	EndGlobalSection
	GlobalSection(NestedProjects) = preSolution
		{80B8AEAA-C624-43AF-97FD-8CA05026391F} = {A0189309-AD7F-4E7F-956F-C63CEAD84C2D}
		{6913F964-8129-49ED-ABDA-6E2DF65DF2FC} = {42559D7F-1FC8-45B5-87EC-1CE9B47BEF92}
		{183AAE8B-92EA-4D5E-BFF8-2ECA71EC51C7} = {42559D7F-1FC8-45B5-87EC-1CE9B47BEF92}
	EndGlobalSection
EndGlobal
